
Microsoft Visual Studio Solution File, Format Version 12.00
# Visual Studio Version 17
VisualStudioVersion = 17.13.35931.197
MinimumVisualStudioVersion = 10.0.40219.1
Project("{2150E333-8FDC-42A3-9474-1A3956D46DE8}") = "Domain", "Domain", "{02EA681E-C7D8-13C7-8484-4AC65E1B71E8}"
EndProject
Project("{2150E333-8FDC-42A3-9474-1A3956D46DE8}") = "Infra.IoC", "Infra.IoC", "{FA9DC699-691A-42F8-AA09-CC78D81D219C}"
EndProject
Project("{2150E333-8FDC-42A3-9474-1A3956D46DE8}") = "Infra.Bus", "Infra.Bus", "{3B03F870-4BB3-48E0-8A49-33DA5BF35CCB}"
EndProject
Project("{2150E333-8FDC-42A3-9474-1A3956D46DE8}") = "Microservices", "Microservices", "{42784D64-A8C4-400A-83F0-E6807178E658}"
EndProject
Project("{2150E333-8FDC-42A3-9474-1A3956D46DE8}") = "Presentation", "Presentation", "{B6D5D288-8E93-48F6-A948-4CE1EBED5902}"
EndProject
Project("{FAE04EC0-301F-11D3-BF4B-00C04F79EFBC}") = "MicroRabbit.Domain.Core", "MicroRabbit.Domain.Core\MicroRabbit.Domain.Core.csproj", "{DEEBFDE5-56D8-4ED7-9D68-01B06139B15F}"
EndProject
Project("{FAE04EC0-301F-11D3-BF4B-00C04F79EFBC}") = "MicroRabbit.Infra.Bus", "MicroRabbit.Infra.Bus\MicroRabbit.Infra.Bus.csproj", "{27C60390-D2D0-4CB9-BD8F-8057767BE3FE}"
EndProject
Project("{FAE04EC0-301F-11D3-BF4B-00C04F79EFBC}") = "MicroRabbit.Infra.IoC", "MicroRabbit.Infra.IoC\MicroRabbit.Infra.IoC.csproj", "{C7FD9DAD-7FDE-49B3-863D-987AC7B9479E}"
EndProject
Project("{2150E333-8FDC-42A3-9474-1A3956D46DE8}") = "Banking", "Banking", "{EA8352D0-C7DF-4178-B0C0-2220A69FDACC}"
EndProject
Project("{2150E333-8FDC-42A3-9474-1A3956D46DE8}") = "API", "API", "{45C10BF6-3FF5-4C01-A190-B45681AB58AF}"
EndProject
Project("{2150E333-8FDC-42A3-9474-1A3956D46DE8}") = "Domain", "Domain", "{96F8C56A-12DE-46A8-B8B7-7C262D28FE17}"
EndProject
Project("{2150E333-8FDC-42A3-9474-1A3956D46DE8}") = "Data", "Data", "{B2E4E0D9-E109-448D-858E-136F61CE4CA8}"
EndProject
Project("{2150E333-8FDC-42A3-9474-1A3956D46DE8}") = "Application", "Application", "{6C47A67A-CC32-4053-9F43-B749F820461D}"
EndProject
Project("{FAE04EC0-301F-11D3-BF4B-00C04F79EFBC}") = "MicroRabbit.Banking.Api", "MicroRabbit.Banking.Api\MicroRabbit.Banking.Api.csproj", "{601E7564-DB28-4BAD-82F0-8AAFD22E5D2A}"
EndProject
Project("{FAE04EC0-301F-11D3-BF4B-00C04F79EFBC}") = "MicroRabbit.Banking.Application", "MicroRabbit.Banking.Application\MicroRabbit.Banking.Application.csproj", "{34C5B1B2-A8CC-4756-8217-13546E41806B}"
EndProject
Project("{FAE04EC0-301F-11D3-BF4B-00C04F79EFBC}") = "MicroRabbit.Banking.Data", "MicroRabbit.Banking.Data\MicroRabbit.Banking.Data.csproj", "{A3B1AAA5-572D-4668-BC84-45706325E84F}"
EndProject
Project("{FAE04EC0-301F-11D3-BF4B-00C04F79EFBC}") = "MicroRabbit.Banking.Domain", "MicroRabbit.Banking.Domain\MicroRabbit.Banking.Domain.csproj", "{9049F5F4-D9FD-4EA3-A0F1-45EE36E30D27}"
EndProject
Global
	GlobalSection(SolutionConfigurationPlatforms) = preSolution
		Debug|Any CPU = Debug|Any CPU
		Release|Any CPU = Release|Any CPU
	EndGlobalSection
	GlobalSection(ProjectConfigurationPlatforms) = postSolution
		{DEEBFDE5-56D8-4ED7-9D68-01B06139B15F}.Debug|Any CPU.ActiveCfg = Debug|Any CPU
		{DEEBFDE5-56D8-4ED7-9D68-01B06139B15F}.Debug|Any CPU.Build.0 = Debug|Any CPU
		{DEEBFDE5-56D8-4ED7-9D68-01B06139B15F}.Release|Any CPU.ActiveCfg = Release|Any CPU
		{DEEBFDE5-56D8-4ED7-9D68-01B06139B15F}.Release|Any CPU.Build.0 = Release|Any CPU
		{27C60390-D2D0-4CB9-BD8F-8057767BE3FE}.Debug|Any CPU.ActiveCfg = Debug|Any CPU
		{27C60390-D2D0-4CB9-BD8F-8057767BE3FE}.Debug|Any CPU.Build.0 = Debug|Any CPU
		{27C60390-D2D0-4CB9-BD8F-8057767BE3FE}.Release|Any CPU.ActiveCfg = Release|Any CPU
		{27C60390-D2D0-4CB9-BD8F-8057767BE3FE}.Release|Any CPU.Build.0 = Release|Any CPU
		{C7FD9DAD-7FDE-49B3-863D-987AC7B9479E}.Debug|Any CPU.ActiveCfg = Debug|Any CPU
		{C7FD9DAD-7FDE-49B3-863D-987AC7B9479E}.Debug|Any CPU.Build.0 = Debug|Any CPU
		{C7FD9DAD-7FDE-49B3-863D-987AC7B9479E}.Release|Any CPU.ActiveCfg = Release|Any CPU
		{C7FD9DAD-7FDE-49B3-863D-987AC7B9479E}.Release|Any CPU.Build.0 = Release|Any CPU
		{601E7564-DB28-4BAD-82F0-8AAFD22E5D2A}.Debug|Any CPU.ActiveCfg = Debug|Any CPU
		{601E7564-DB28-4BAD-82F0-8AAFD22E5D2A}.Debug|Any CPU.Build.0 = Debug|Any CPU
		{601E7564-DB28-4BAD-82F0-8AAFD22E5D2A}.Release|Any CPU.ActiveCfg = Release|Any CPU
		{601E7564-DB28-4BAD-82F0-8AAFD22E5D2A}.Release|Any CPU.Build.0 = Release|Any CPU
		{34C5B1B2-A8CC-4756-8217-13546E41806B}.Debug|Any CPU.ActiveCfg = Debug|Any CPU
		{34C5B1B2-A8CC-4756-8217-13546E41806B}.Debug|Any CPU.Build.0 = Debug|Any CPU
		{34C5B1B2-A8CC-4756-8217-13546E41806B}.Release|Any CPU.ActiveCfg = Release|Any CPU
		{34C5B1B2-A8CC-4756-8217-13546E41806B}.Release|Any CPU.Build.0 = Release|Any CPU
		{A3B1AAA5-572D-4668-BC84-45706325E84F}.Debug|Any CPU.ActiveCfg = Debug|Any CPU
		{A3B1AAA5-572D-4668-BC84-45706325E84F}.Debug|Any CPU.Build.0 = Debug|Any CPU
		{A3B1AAA5-572D-4668-BC84-45706325E84F}.Release|Any CPU.ActiveCfg = Release|Any CPU
		{A3B1AAA5-572D-4668-BC84-45706325E84F}.Release|Any CPU.Build.0 = Release|Any CPU
		{9049F5F4-D9FD-4EA3-A0F1-45EE36E30D27}.Debug|Any CPU.ActiveCfg = Debug|Any CPU
		{9049F5F4-D9FD-4EA3-A0F1-45EE36E30D27}.Debug|Any CPU.Build.0 = Debug|Any CPU
		{9049F5F4-D9FD-4EA3-A0F1-45EE36E30D27}.Release|Any CPU.ActiveCfg = Release|Any CPU
		{9049F5F4-D9FD-4EA3-A0F1-45EE36E30D27}.Release|Any CPU.Build.0 = Release|Any CPU
	EndGlobalSection
	GlobalSection(SolutionProperties) = preSolution
		HideSolutionNode = FALSE
	EndGlobalSection
	GlobalSection(NestedProjects) = preSolution
		{DEEBFDE5-56D8-4ED7-9D68-01B06139B15F} = {02EA681E-C7D8-13C7-8484-4AC65E1B71E8}
		{27C60390-D2D0-4CB9-BD8F-8057767BE3FE} = {3B03F870-4BB3-48E0-8A49-33DA5BF35CCB}
		{C7FD9DAD-7FDE-49B3-863D-987AC7B9479E} = {FA9DC699-691A-42F8-AA09-CC78D81D219C}
		{EA8352D0-C7DF-4178-B0C0-2220A69FDACC} = {42784D64-A8C4-400A-83F0-E6807178E658}
		{45C10BF6-3FF5-4C01-A190-B45681AB58AF} = {EA8352D0-C7DF-4178-B0C0-2220A69FDACC}
		{96F8C56A-12DE-46A8-B8B7-7C262D28FE17} = {EA8352D0-C7DF-4178-B0C0-2220A69FDACC}
		{B2E4E0D9-E109-448D-858E-136F61CE4CA8} = {EA8352D0-C7DF-4178-B0C0-2220A69FDACC}
		{6C47A67A-CC32-4053-9F43-B749F820461D} = {EA8352D0-C7DF-4178-B0C0-2220A69FDACC}
		{601E7564-DB28-4BAD-82F0-8AAFD22E5D2A} = {45C10BF6-3FF5-4C01-A190-B45681AB58AF}
		{34C5B1B2-A8CC-4756-8217-13546E41806B} = {6C47A67A-CC32-4053-9F43-B749F820461D}
		{A3B1AAA5-572D-4668-BC84-45706325E84F} = {B2E4E0D9-E109-448D-858E-136F61CE4CA8}
		{9049F5F4-D9FD-4EA3-A0F1-45EE36E30D27} = {96F8C56A-12DE-46A8-B8B7-7C262D28FE17}
	EndGlobalSection
	GlobalSection(ExtensibilityGlobals) = postSolution
		SolutionGuid = {31AE7674-0364-40EA-82E2-AECE8E807E5E}
	EndGlobalSection
EndGlobal
